{
  "name": "ecosim",
  "version": "1.0.0",
  "lockfileVersion": 3,
  "requires": true,
  "packages": {
    "": {
      "name": "ecosim",
      "version": "1.0.0",
      "license": "MIT",
      "dependencies": {
        "p5": "^1.8.0",
        "quadtree": "^1.1.3"
      }
    },
    "node_modules/p5": {
      "version": "1.8.0",
      "resolved": "https://registry.npmjs.org/p5/-/p5-1.8.0.tgz",
      "integrity": "sha512-LHzRRl+aWEZVXmK+L9TDRNw5zm90wvwMdY7yTmsFkdNeXrU9n2KSZbonCTXkyGgriguovxJrDDgyhkynOxWB1A=="
    },
    "node_modules/quadtree": {
      "version": "1.1.3",
      "resolved": "https://registry.npmjs.org/quadtree/-/quadtree-1.1.3.tgz",
      "integrity": "sha512-G5tMJYH9sIQiJp0Okr9vctIXtbIsf+xO76ixx2yv8rBNksQlOeQEyT7dIgBeDUUVf4uhbYH8f/gL8iYm5CS+ZA==",
      "engines": {
        "node": ">= 0.6.0"
      }
    }
  }
}
